Microsoft Visual Studio Solution File, Format Version 11.00
# Visual Studio 2008

Project("{2C42FD9B-71D3-85D9-32C7-A4496CFDD988}") = "Trainging_Game_3", "Assembly-CSharp-firstpass-vs.csproj", "{CBBF9E61-20C6-49D3-3028-A8ABAC6783D8}"
EndProject
Project("{2C42FD9B-71D3-85D9-32C7-A4496CFDD988}") = "Trainging_Game_3", "Assembly-CSharp-vs.csproj", "{1142B5FF-6A80-98C0-E2C7-98E47C68D4F3}"
EndProject
Global
	GlobalSection(SolutionConfigurationPlatforms) = preSolution
		Debug|Any CPU = Debug|Any CPU
		Release|Any CPU = Release|Any CPU
	EndGlobalSection
	GlobalSection(ProjectConfigurationPlatforms) = postSolution
		{CBBF9E61-20C6-49D3-3028-A8ABAC6783D8}.Debug|Any CPU.ActiveCfg = Debug|Any CPU
		{CBBF9E61-20C6-49D3-3028-A8ABAC6783D8}.Debug|Any CPU.Build.0 = Debug|Any CPU
		{CBBF9E61-20C6-49D3-3028-A8ABAC6783D8}.Release|Any CPU.ActiveCfg = Release|Any CPU
		{CBBF9E61-20C6-49D3-3028-A8ABAC6783D8}.Release|Any CPU.Build.0 = Release|Any CPU
		{1142B5FF-6A80-98C0-E2C7-98E47C68D4F3}.Debug|Any CPU.ActiveCfg = Debug|Any CPU
		{1142B5FF-6A80-98C0-E2C7-98E47C68D4F3}.Debug|Any CPU.Build.0 = Debug|Any CPU
		{1142B5FF-6A80-98C0-E2C7-98E47C68D4F3}.Release|Any CPU.ActiveCfg = Release|Any CPU
		{1142B5FF-6A80-98C0-E2C7-98E47C68D4F3}.Release|Any CPU.Build.0 = Release|Any CPU
	EndGlobalSection
	GlobalSection(SolutionProperties) = preSolution
		HideSolutionNode = FALSE
	EndGlobalSection
																																																											GlobalSection(MonoDevelopProperties) = preSolution
		StartupItem = Assembly-CSharp.csproj
		Policies = $0
		$0.TextStylePolicy = $1
		$1.inheritsSet = null
		$1.scope = text/x-csharp
		$0.CSharpFormattingPolicy = $2
		$2.inheritsSet = Mono
		$2.inheritsScope = text/x-csharp
		$2.scope = text/x-csharp
		$0.TextStylePolicy = $3
		$3.FileWidth = 120
		$3.TabWidth = 4
		$3.EolMarker = Unix
		$3.inheritsSet = Mono
		$3.inheritsScope = text/plain
		$3.scope = text/plain
	EndGlobalSection

EndGlobal
