
Microsoft Visual Studio Solution File, Format Version 12.00
# Visual Studio for Mac
Project("{FAE04EC0-301F-11D3-BF4B-00C04F79EFBC}") = "20200303_1", "Assembly-CSharp.csproj", "{273634B5-9CB0-91F6-6515-E4CAAC4A1083}"
EndProject
Project("{FAE04EC0-301F-11D3-BF4B-00C04F79EFBC}") = "20200303_1", "Assembly-CSharp-Editor.csproj", "{4FD003A8-AF45-5814-9267-AFE180C76004}"
EndProject
Global
	GlobalSection(SolutionConfigurationPlatforms) = preSolution
		Debug|Any CPU = Debug|Any CPU
		Release|Any CPU = Release|Any CPU
	EndGlobalSection
	GlobalSection(ProjectConfigurationPlatforms) = postSolution
		{273634B5-9CB0-91F6-6515-E4CAAC4A1083}.Debug|Any CPU.ActiveCfg = Debug|Any CPU
		{273634B5-9CB0-91F6-6515-E4CAAC4A1083}.Debug|Any CPU.Build.0 = Debug|Any CPU
		{273634B5-9CB0-91F6-6515-E4CAAC4A1083}.Release|Any CPU.ActiveCfg = Release|Any CPU
		{273634B5-9CB0-91F6-6515-E4CAAC4A1083}.Release|Any CPU.Build.0 = Release|Any CPU
		{4FD003A8-AF45-5814-9267-AFE180C76004}.Debug|Any CPU.ActiveCfg = Debug|Any CPU
		{4FD003A8-AF45-5814-9267-AFE180C76004}.Debug|Any CPU.Build.0 = Debug|Any CPU
		{4FD003A8-AF45-5814-9267-AFE180C76004}.Release|Any CPU.ActiveCfg = Release|Any CPU
		{4FD003A8-AF45-5814-9267-AFE180C76004}.Release|Any CPU.Build.0 = Release|Any CPU
	EndGlobalSection
	GlobalSection(SolutionProperties) = preSolution
		HideSolutionNode = FALSE
	EndGlobalSection
EndGlobal
